// !$*UTF8*$!
{
	archiveVersion = 1;
	classes = {
	};
	objectVersion = 55;
	objects = {

/* Begin PBXBuildFile section */
		67B2D94228C9C21D0025A83F /* wordcardApp.swift in Sources */ = {isa = PBXBuildFile; fileRef = 67B2D94128C9C21D0025A83F /* wordcardApp.swift */; };
		67B2D94428C9C21D0025A83F /* CardSwiper.swift in Sources */ = {isa = PBXBuildFile; fileRef = 67B2D94328C9C21D0025A83F /* CardSwiper.swift */; };
		67B2D94628C9C2200025A83F /* Assets.xcassets in Resources */ = {isa = PBXBuildFile; fileRef = 67B2D94528C9C2200025A83F /* Assets.xcassets */; };
		67B2D94928C9C2200025A83F /* Preview Assets.xcassets in Resources */ = {isa = PBXBuildFile; fileRef = 67B2D94828C9C2200025A83F /* Preview Assets.xcassets */; };
		67B2D95328C9C2210025A83F /* wordcardTests.swift in Sources */ = {isa = PBXBuildFile; fileRef = 67B2D95228C9C2210025A83F /* wordcardTests.swift */; };
		67B2D95D28C9C2210025A83F /* wordcardUITests.swift in Sources */ = {isa = PBXBuildFile; fileRef = 67B2D95C28C9C2210025A83F /* wordcardUITests.swift */; };
		67B2D95F28C9C2210025A83F /* wordcardUITestsLaunchTests.swift in Sources */ = {isa = PBXBuildFile; fileRef = 67B2D95E28C9C2210025A83F /* wordcardUITestsLaunchTests.swift */; };
		67B2D96C28C9EB1B0025A83F /* CardView.swift in Sources */ = {isa = PBXBuildFile; fileRef = 67B2D96B28C9EB1B0025A83F /* CardView.swift */; };
		67B2D96F28C9EBAB0025A83F /* word.swift in Sources */ = {isa = PBXBuildFile; fileRef = 67B2D96E28C9EBAB0025A83F /* word.swift */; };
		67B2D97928CBE5380025A83F /* CardListDemo.swift in Sources */ = {isa = PBXBuildFile; fileRef = 67B2D97828CBE5380025A83F /* CardListDemo.swift */; };
		67B2D97B28CC66FE0025A83F /* CardSwipeModel.swift in Sources */ = {isa = PBXBuildFile; fileRef = 67B2D97A28CC66FE0025A83F /* CardSwipeModel.swift */; };
		67B2D97D28CDB6CB0025A83F /* SearchView.swift in Sources */ = {isa = PBXBuildFile; fileRef = 67B2D97C28CDB6CB0025A83F /* SearchView.swift */; };
		67BAD53628E62DC4001334F5 /* NetImageShow.swift in Sources */ = {isa = PBXBuildFile; fileRef = 67BAD53528E62DC4001334F5 /* NetImageShow.swift */; };
		67BAD53828E7978A001334F5 /* NewCardView.swift in Sources */ = {isa = PBXBuildFile; fileRef = 67BAD53728E7978A001334F5 /* NewCardView.swift */; };
/* End PBXBuildFile section */

/* Begin PBXContainerItemProxy section */
		67B2D94F28C9C2210025A83F /* PBXContainerItemProxy */ = {
			isa = PBXContainerItemProxy;
			containerPortal = 67B2D93628C9C21D0025A83F /* Project object */;
			proxyType = 1;
			remoteGlobalIDString = 67B2D93D28C9C21D0025A83F;
			remoteInfo = wordcard;
		};
		67B2D95928C9C2210025A83F /* PBXContainerItemProxy */ = {
			isa = PBXContainerItemProxy;
			containerPortal = 67B2D93628C9C21D0025A83F /* Project object */;
			proxyType = 1;
			remoteGlobalIDString = 67B2D93D28C9C21D0025A83F;
			remoteInfo = wordcard;
		};
/* End PBXContainerItemProxy section */

/* Begin PBXFileReference section */
		67B2D93E28C9C21D0025A83F /* wordcard.app */ = {isa = PBXFileReference; explicitFileType = wrapper.application; includeInIndex = 0; path = wordcard.app; sourceTree = BUILT_PRODUCTS_DIR; };
		67B2D94128C9C21D0025A83F /* wordcardApp.swift */ = {isa = PBXFileReference; lastKnownFileType = sourcecode.swift; path = wordcardApp.swift; sourceTree = "<group>"; };
		67B2D94328C9C21D0025A83F /* CardSwiper.swift */ = {isa = PBXFileReference; lastKnownFileType = sourcecode.swift; path = CardSwiper.swift; sourceTree = "<group>"; };
		67B2D94528C9C2200025A83F /* Assets.xcassets */ = {isa = PBXFileReference; lastKnownFileType = folder.assetcatalog; path = Assets.xcassets; sourceTree = "<group>"; };
		67B2D94828C9C2200025A83F /* Preview Assets.xcassets */ = {isa = PBXFileReference; lastKnownFileType = folder.assetcatalog; path = "Preview Assets.xcassets"; sourceTree = "<group>"; };
		67B2D94E28C9C2210025A83F /* wordcardTests.xctest */ = {isa = PBXFileReference; explicitFileType = wrapper.cfbundle; includeInIndex = 0; path = wordcardTests.xctest; sourceTree = BUILT_PRODUCTS_DIR; };
		67B2D95228C9C2210025A83F /* wordcardTests.swift */ = {isa = PBXFileReference; lastKnownFileType = sourcecode.swift; path = wordcardTests.swift; sourceTree = "<group>"; };
		67B2D95828C9C2210025A83F /* wordcardUITests.xctest */ = {isa = PBXFileReference; explicitFileType = wrapper.cfbundle; includeInIndex = 0; path = wordcardUITests.xctest; sourceTree = BUILT_PRODUCTS_DIR; };
		67B2D95C28C9C2210025A83F /* wordcardUITests.swift */ = {isa = PBXFileReference; lastKnownFileType = sourcecode.swift; path = wordcardUITests.swift; sourceTree = "<group>"; };
		67B2D95E28C9C2210025A83F /* wordcardUITestsLaunchTests.swift */ = {isa = PBXFileReference; lastKnownFileType = sourcecode.swift; path = wordcardUITestsLaunchTests.swift; sourceTree = "<group>"; };
		67B2D96B28C9EB1B0025A83F /* CardView.swift */ = {isa = PBXFileReference; lastKnownFileType = sourcecode.swift; path = CardView.swift; sourceTree = "<group>"; };
		67B2D96E28C9EBAB0025A83F /* word.swift */ = {isa = PBXFileReference; lastKnownFileType = sourcecode.swift; path = word.swift; sourceTree = "<group>"; };
		67B2D97328CA8F8E0025A83F /* Info.plist */ = {isa = PBXFileReference; lastKnownFileType = text.plist; path = Info.plist; sourceTree = "<group>"; };
		67B2D97828CBE5380025A83F /* CardListDemo.swift */ = {isa = PBXFileReference; lastKnownFileType = sourcecode.swift; path = CardListDemo.swift; sourceTree = "<group>"; };
		67B2D97A28CC66FE0025A83F /* CardSwipeModel.swift */ = {isa = PBXFileReference; lastKnownFileType = sourcecode.swift; path = CardSwipeModel.swift; sourceTree = "<group>"; };
		67B2D97C28CDB6CB0025A83F /* SearchView.swift */ = {isa = PBXFileReference; lastKnownFileType = sourcecode.swift; path = SearchView.swift; sourceTree = "<group>"; };
		67BAD53528E62DC4001334F5 /* NetImageShow.swift */ = {isa = PBXFileReference; lastKnownFileType = sourcecode.swift; path = NetImageShow.swift; sourceTree = "<group>"; };
		67BAD53728E7978A001334F5 /* NewCardView.swift */ = {isa = PBXFileReference; lastKnownFileType = sourcecode.swift; path = NewCardView.swift; sourceTree = "<group>"; };
/* End PBXFileReference section */

/* Begin PBXFrameworksBuildPhase section */
		67B2D93B28C9C21D0025A83F /* Frameworks */ = {
			isa = PBXFrameworksBuildPhase;
			buildActionMask = 2147483647;
			files = (
			);
			runOnlyForDeploymentPostprocessing = 0;
		};
		67B2D94B28C9C2210025A83F /* Frameworks */ = {
			isa = PBXFrameworksBuildPhase;
			buildActionMask = 2147483647;
			files = (
			);
			runOnlyForDeploymentPostprocessing = 0;
		};
		67B2D95528C9C2210025A83F /* Frameworks */ = {
			isa = PBXFrameworksBuildPhase;
			buildActionMask = 2147483647;
			files = (
			);
			runOnlyForDeploymentPostprocessing = 0;
		};
/* End PBXFrameworksBuildPhase section */

/* Begin PBXGroup section */
		67B2D93528C9C21C0025A83F = {
			isa = PBXGroup;
			children = (
				67B2D94028C9C21D0025A83F /* wordcard */,
				67B2D95128C9C2210025A83F /* wordcardTests */,
				67B2D95B28C9C2210025A83F /* wordcardUITests */,
				67B2D93F28C9C21D0025A83F /* Products */,
			);
			sourceTree = "<group>";
		};
		67B2D93F28C9C21D0025A83F /* Products */ = {
			isa = PBXGroup;
			children = (
				67B2D93E28C9C21D0025A83F /* wordcard.app */,
				67B2D94E28C9C2210025A83F /* wordcardTests.xctest */,
				67B2D95828C9C2210025A83F /* wordcardUITests.xctest */,
			);
			name = Products;
			sourceTree = "<group>";
		};
		67B2D94028C9C21D0025A83F /* wordcard */ = {
			isa = PBXGroup;
			children = (
				67B2D97328CA8F8E0025A83F /* Info.plist */,
				67B2D97028CA81350025A83F /* Resources */,
				67B2D96D28C9EB940025A83F /* Models */,
				67B2D94128C9C21D0025A83F /* wordcardApp.swift */,
				67B2D94328C9C21D0025A83F /* CardSwiper.swift */,
				67B2D94528C9C2200025A83F /* Assets.xcassets */,
				67B2D94728C9C2200025A83F /* Preview Content */,
				67B2D96B28C9EB1B0025A83F /* CardView.swift */,
				67B2D97828CBE5380025A83F /* CardListDemo.swift */,
				67B2D97C28CDB6CB0025A83F /* SearchView.swift */,
				67BAD53528E62DC4001334F5 /* NetImageShow.swift */,
				67BAD53728E7978A001334F5 /* NewCardView.swift */,
			);
			path = wordcard;
			sourceTree = "<group>";
		};
		67B2D94728C9C2200025A83F /* Preview Content */ = {
			isa = PBXGroup;
			children = (
				67B2D94828C9C2200025A83F /* Preview Assets.xcassets */,
			);
			path = "Preview Content";
			sourceTree = "<group>";
		};
		67B2D95128C9C2210025A83F /* wordcardTests */ = {
			isa = PBXGroup;
			children = (
				67B2D95228C9C2210025A83F /* wordcardTests.swift */,
			);
			path = wordcardTests;
			sourceTree = "<group>";
		};
		67B2D95B28C9C2210025A83F /* wordcardUITests */ = {
			isa = PBXGroup;
			children = (
				67B2D95C28C9C2210025A83F /* wordcardUITests.swift */,
				67B2D95E28C9C2210025A83F /* wordcardUITestsLaunchTests.swift */,
			);
			path = wordcardUITests;
			sourceTree = "<group>";
		};
		67B2D96D28C9EB940025A83F /* Models */ = {
			isa = PBXGroup;
			children = (
				67B2D96E28C9EBAB0025A83F /* word.swift */,
				67B2D97A28CC66FE0025A83F /* CardSwipeModel.swift */,
			);
			path = Models;
			sourceTree = "<group>";
		};
		67B2D97028CA81350025A83F /* Resources */ = {
			isa = PBXGroup;
			children = (
			);
			path = Resources;
			sourceTree = "<group>";
		};
/* End PBXGroup section */

/* Begin PBXNativeTarget section */
		67B2D93D28C9C21D0025A83F /* wordcard */ = {
			isa = PBXNativeTarget;
			buildConfigurationList = 67B2D96228C9C2210025A83F /* Build configuration list for PBXNativeTarget "wordcard" */;
			buildPhases = (
				67B2D93A28C9C21D0025A83F /* Sources */,
				67B2D93B28C9C21D0025A83F /* Frameworks */,
				67B2D93C28C9C21D0025A83F /* Resources */,
			);
			buildRules = (
			);
			dependencies = (
			);
			name = wordcard;
			productName = wordcard;
			productReference = 67B2D93E28C9C21D0025A83F /* wordcard.app */;
			productType = "com.apple.product-type.application";
		};
		67B2D94D28C9C2210025A83F /* wordcardTests */ = {
			isa = PBXNativeTarget;
			buildConfigurationList = 67B2D96528C9C2210025A83F /* Build configuration list for PBXNativeTarget "wordcardTests" */;
			buildPhases = (
				67B2D94A28C9C2210025A83F /* Sources */,
				67B2D94B28C9C2210025A83F /* Frameworks */,
				67B2D94C28C9C2210025A83F /* Resources */,
			);
			buildRules = (
			);
			dependencies = (
				67B2D95028C9C2210025A83F /* PBXTargetDependency */,
			);
			name = wordcardTests;
			productName = wordcardTests;
			productReference = 67B2D94E28C9C2210025A83F /* wordcardTests.xctest */;
			productType = "com.apple.product-type.bundle.unit-test";
		};
		67B2D95728C9C2210025A83F /* wordcardUITests */ = {
			isa = PBXNativeTarget;
			buildConfigurationList = 67B2D96828C9C2210025A83F /* Build configuration list for PBXNativeTarget "wordcardUITests" */;
			buildPhases = (
				67B2D95428C9C2210025A83F /* Sources */,
				67B2D95528C9C2210025A83F /* Frameworks */,
				67B2D95628C9C2210025A83F /* Resources */,
			);
			buildRules = (
			);
			dependencies = (
				67B2D95A28C9C2210025A83F /* PBXTargetDependency */,
			);
			name = wordcardUITests;
			productName = wordcardUITests;
			productReference = 67B2D95828C9C2210025A83F /* wordcardUITests.xctest */;
			productType = "com.apple.product-type.bundle.ui-testing";
		};
/* End PBXNativeTarget section */

/* Begin PBXProject section */
		67B2D93628C9C21D0025A83F /* Project object */ = {
			isa = PBXProject;
			attributes = {
				BuildIndependentTargetsInParallel = 1;
				LastSwiftUpdateCheck = 1340;
				LastUpgradeCheck = 1340;
				TargetAttributes = {
					67B2D93D28C9C21D0025A83F = {
						CreatedOnToolsVersion = 13.4.1;
					};
					67B2D94D28C9C2210025A83F = {
						CreatedOnToolsVersion = 13.4.1;
						TestTargetID = 67B2D93D28C9C21D0025A83F;
					};
					67B2D95728C9C2210025A83F = {
						CreatedOnToolsVersion = 13.4.1;
						TestTargetID = 67B2D93D28C9C21D0025A83F;
					};
				};
			};
			buildConfigurationList = 67B2D93928C9C21D0025A83F /* Build configuration list for PBXProject "wordcard" */;
			compatibilityVersion = "Xcode 13.0";
			developmentRegion = en;
			hasScannedForEncodings = 0;
			knownRegions = (
				en,
				Base,
			);
			mainGroup = 67B2D93528C9C21C0025A83F;
			productRefGroup = 67B2D93F28C9C21D0025A83F /* Products */;
			projectDirPath = "";
			projectRoot = "";
			targets = (
				67B2D93D28C9C21D0025A83F /* wordcard */,
				67B2D94D28C9C2210025A83F /* wordcardTests */,
				67B2D95728C9C2210025A83F /* wordcardUITests */,
			);
		};
/* End PBXProject section */

/* Begin PBXResourcesBuildPhase section */
		67B2D93C28C9C21D0025A83F /* Resources */ = {
			isa = PBXResourcesBuildPhase;
			buildActionMask = 2147483647;
			files = (
				67B2D94928C9C2200025A83F /* Preview Assets.xcassets in Resources */,
				67B2D94628C9C2200025A83F /* Assets.xcassets in Resources */,
			);
			runOnlyForDeploymentPostprocessing = 0;
		};
		67B2D94C28C9C2210025A83F /* Resources */ = {
			isa = PBXResourcesBuildPhase;
			buildActionMask = 2147483647;
			files = (
			);
			runOnlyForDeploymentPostprocessing = 0;
		};
		67B2D95628C9C2210025A83F /* Resources */ = {
			isa = PBXResourcesBuildPhase;
			buildActionMask = 2147483647;
			files = (
			);
			runOnlyForDeploymentPostprocessing = 0;
		};
/* End PBXResourcesBuildPhase section */

/* Begin PBXSourcesBuildPhase section */
		67B2D93A28C9C21D0025A83F /* Sources */ = {
			isa = PBXSourcesBuildPhase;
			buildActionMask = 2147483647;
			files = (
				67BAD53628E62DC4001334F5 /* NetImageShow.swift in Sources */,
				67B2D97D28CDB6CB0025A83F /* SearchView.swift in Sources */,
				67B2D97B28CC66FE0025A83F /* CardSwipeModel.swift in Sources */,
				67B2D94428C9C21D0025A83F /* CardSwiper.swift in Sources */,
				67B2D96F28C9EBAB0025A83F /* word.swift in Sources */,
				67B2D97928CBE5380025A83F /* CardListDemo.swift in Sources */,
				67B2D96C28C9EB1B0025A83F /* CardView.swift in Sources */,
				67BAD53828E7978A001334F5 /* NewCardView.swift in Sources */,
				67B2D94228C9C21D0025A83F /* wordcardApp.swift in Sources */,
			);
			runOnlyForDeploymentPostprocessing = 0;
		};
		67B2D94A28C9C2210025A83F /* Sources */ = {
			isa = PBXSourcesBuildPhase;
			buildActionMask = 2147483647;
			files = (
				67B2D95328C9C2210025A83F /* wordcardTests.swift in Sources */,
			);
			runOnlyForDeploymentPostprocessing = 0;
		};
		67B2D95428C9C2210025A83F /* Sources */ = {
			isa = PBXSourcesBuildPhase;
			buildActionMask = 2147483647;
			files = (
				67B2D95F28C9C2210025A83F /* wordcardUITestsLaunchTests.swift in Sources */,
				67B2D95D28C9C2210025A83F /* wordcardUITests.swift in Sources */,
			);
			runOnlyForDeploymentPostprocessing = 0;
		};
/* End PBXSourcesBuildPhase section */

/* Begin PBXTargetDependency section */
		67B2D95028C9C2210025A83F /* PBXTargetDependency */ = {
			isa = PBXTargetDependency;
			target = 67B2D93D28C9C21D0025A83F /* wordcard */;
			targetProxy = 67B2D94F28C9C2210025A83F /* PBXContainerItemProxy */;
		};
		67B2D95A28C9C2210025A83F /* PBXTargetDependency */ = {
			isa = PBXTargetDependency;
			target = 67B2D93D28C9C21D0025A83F /* wordcard */;
			targetProxy = 67B2D95928C9C2210025A83F /* PBXContainerItemProxy */;
		};
/* End PBXTargetDependency section */

/* Begin XCBuildConfiguration section */
		67B2D96028C9C2210025A83F /* Debug */ = {
			isa = XCBuildConfiguration;
			buildSettings = {
				ALWAYS_SEARCH_USER_PATHS = NO;
				CLANG_ANALYZER_NONNULL = YES;
				CLANG_ANALYZER_NUMBER_OBJECT_CONVERSION = YES_AGGRESSIVE;
				CLANG_CXX_LANGUAGE_STANDARD = "gnu++17";
				CLANG_ENABLE_MODULES = YES;
				CLANG_ENABLE_OBJC_ARC = YES;
				CLANG_ENABLE_OBJC_WEAK = YES;
				CLANG_WARN_BLOCK_CAPTURE_AUTORELEASING = YES;
				CLANG_WARN_BOOL_CONVERSION = YES;
				CLANG_WARN_COMMA = YES;
				CLANG_WARN_CONSTANT_CONVERSION = YES;
				CLANG_WARN_DEPRECATED_OBJC_IMPLEMENTATIONS = YES;
				CLANG_WARN_DIRECT_OBJC_ISA_USAGE = YES_ERROR;
				CLANG_WARN_DOCUMENTATION_COMMENTS = YES;
				CLANG_WARN_EMPTY_BODY = YES;
				CLANG_WARN_ENUM_CONVERSION = YES;
				CLANG_WARN_INFINITE_RECURSION = YES;
				CLANG_WARN_INT_CONVERSION = YES;
				CLANG_WARN_NON_LITERAL_NULL_CONVERSION = YES;
				CLANG_WARN_OBJC_IMPLICIT_RETAIN_SELF = YES;
				CLANG_WARN_OBJC_LITERAL_CONVERSION = YES;
				CLANG_WARN_OBJC_ROOT_CLASS = YES_ERROR;
				CLANG_WARN_QUOTED_INCLUDE_IN_FRAMEWORK_HEADER = YES;
				CLANG_WARN_RANGE_LOOP_ANALYSIS = YES;
				CLANG_WARN_STRICT_PROTOTYPES = YES;
				CLANG_WARN_SUSPICIOUS_MOVE = YES;
				CLANG_WARN_UNGUARDED_AVAILABILITY = YES_AGGRESSIVE;
				CLANG_WARN_UNREACHABLE_CODE = YES;
				CLANG_WARN__DUPLICATE_METHOD_MATCH = YES;
				COPY_PHASE_STRIP = NO;
				DEBUG_INFORMATION_FORMAT = dwarf;
				ENABLE_STRICT_OBJC_MSGSEND = YES;
				ENABLE_TESTABILITY = YES;
				GCC_C_LANGUAGE_STANDARD = gnu11;
				GCC_DYNAMIC_NO_PIC = NO;
				GCC_NO_COMMON_BLOCKS = YES;
				GCC_OPTIMIZATION_LEVEL = 0;
				GCC_PREPROCESSOR_DEFINITIONS = (
					"DEBUG=1",
					"$(inherited)",
				);
				GCC_WARN_64_TO_32_BIT_CONVERSION = YES;
				GCC_WARN_ABOUT_RETURN_TYPE = YES_ERROR;
				GCC_WARN_UNDECLARED_SELECTOR = YES;
				GCC_WARN_UNINITIALIZED_AUTOS = YES_AGGRESSIVE;
				GCC_WARN_UNUSED_FUNCTION = YES;
				GCC_WARN_UNUSED_VARIABLE = YES;
				IPHONEOS_DEPLOYMENT_TARGET = 15.5;
				MTL_ENABLE_DEBUG_INFO = INCLUDE_SOURCE;
				MTL_FAST_MATH = YES;
				ONLY_ACTIVE_ARCH = YES;
				SDKROOT = iphoneos;
				SWIFT_ACTIVE_COMPILATION_CONDITIONS = DEBUG;
				SWIFT_OPTIMIZATION_LEVEL = "-Onone";
			};
			name = Debug;
		};
		67B2D96128C9C2210025A83F /* Release */ = {
			isa = XCBuildConfiguration;
			buildSettings = {
				ALWAYS_SEARCH_USER_PATHS = NO;
				CLANG_ANALYZER_NONNULL = YES;
				CLANG_ANALYZER_NUMBER_OBJECT_CONVERSION = YES_AGGRESSIVE;
				CLANG_CXX_LANGUAGE_STANDARD = "gnu++17";
				CLANG_ENABLE_MODULES = YES;
				CLANG_ENABLE_OBJC_ARC = YES;
				CLANG_ENABLE_OBJC_WEAK = YES;
				CLANG_WARN_BLOCK_CAPTURE_AUTORELEASING = YES;
				CLANG_WARN_BOOL_CONVERSION = YES;
				CLANG_WARN_COMMA = YES;
				CLANG_WARN_CONSTANT_CONVERSION = YES;
				CLANG_WARN_DEPRECATED_OBJC_IMPLEMENTATIONS = YES;
				CLANG_WARN_DIRECT_OBJC_ISA_USAGE = YES_ERROR;
				CLANG_WARN_DOCUMENTATION_COMMENTS = YES;
				CLANG_WARN_EMPTY_BODY = YES;
				CLANG_WARN_ENUM_CONVERSION = YES;
				CLANG_WARN_INFINITE_RECURSION = YES;
				CLANG_WARN_INT_CONVERSION = YES;
				CLANG_WARN_NON_LITERAL_NULL_CONVERSION = YES;
				CLANG_WARN_OBJC_IMPLICIT_RETAIN_SELF = YES;
				CLANG_WARN_OBJC_LITERAL_CONVERSION = YES;
				CLANG_WARN_OBJC_ROOT_CLASS = YES_ERROR;
				CLANG_WARN_QUOTED_INCLUDE_IN_FRAMEWORK_HEADER = YES;
				CLANG_WARN_RANGE_LOOP_ANALYSIS = YES;
				CLANG_WARN_STRICT_PROTOTYPES = YES;
				CLANG_WARN_SUSPICIOUS_MOVE = YES;
				CLANG_WARN_UNGUARDED_AVAILABILITY = YES_AGGRESSIVE;
				CLANG_WARN_UNREACHABLE_CODE = YES;
				CLANG_WARN__DUPLICATE_METHOD_MATCH = YES;
				COPY_PHASE_STRIP = NO;
				DEBUG_INFORMATION_FORMAT = "dwarf-with-dsym";
				ENABLE_NS_ASSERTIONS = NO;
				ENABLE_STRICT_OBJC_MSGSEND = YES;
				GCC_C_LANGUAGE_STANDARD = gnu11;
				GCC_NO_COMMON_BLOCKS = YES;
				GCC_WARN_64_TO_32_BIT_CONVERSION = YES;
				GCC_WARN_ABOUT_RETURN_TYPE = YES_ERROR;
				GCC_WARN_UNDECLARED_SELECTOR = YES;
				GCC_WARN_UNINITIALIZED_AUTOS = YES_AGGRESSIVE;
				GCC_WARN_UNUSED_FUNCTION = YES;
				GCC_WARN_UNUSED_VARIABLE = YES;
				IPHONEOS_DEPLOYMENT_TARGET = 15.5;
				MTL_ENABLE_DEBUG_INFO = NO;
				MTL_FAST_MATH = YES;
				SDKROOT = iphoneos;
				SWIFT_COMPILATION_MODE = wholemodule;
				SWIFT_OPTIMIZATION_LEVEL = "-O";
				VALIDATE_PRODUCT = YES;
			};
			name = Release;
		};
		67B2D96328C9C2210025A83F /* Debug */ = {
			isa = XCBuildConfiguration;
			buildSettings = {
				ASSETCATALOG_COMPILER_APPICON_NAME = AppIcon;
				ASSETCATALOG_COMPILER_GLOBAL_ACCENT_COLOR_NAME = AccentColor;
				CODE_SIGN_STYLE = Automatic;
				CURRENT_PROJECT_VERSION = 1;
				DEVELOPMENT_ASSET_PATHS = "\"wordcard/Preview Content\"";
				DEVELOPMENT_TEAM = BK3Z5KUBT7;
				ENABLE_PREVIEWS = YES;
				GENERATE_INFOPLIST_FILE = YES;
				INFOPLIST_FILE = wordcard/Info.plist;
				INFOPLIST_KEY_UIApplicationSceneManifest_Generation = YES;
				INFOPLIST_KEY_UIApplicationSupportsIndirectInputEvents = YES;
				INFOPLIST_KEY_UILaunchScreen_Generation = YES;
				INFOPLIST_KEY_UISupportedInterfaceOrientations_iPad = "UIInterfaceOrientationPortrait UIInterfaceOrientationPortraitUpsideDown UIInterfaceOrientationLandscapeLeft UIInterfaceOrientationLandscapeRight";
				INFOPLIST_KEY_UISupportedInterfaceOrientations_iPhone = "UIInterfaceOrientationPortrait UIInterfaceOrientationLandscapeLeft UIInterfaceOrientationLandscapeRight";
				LD_RUNPATH_SEARCH_PATHS = (
					"$(inherited)",
					"@executable_path/Frameworks",
				);
				MARKETING_VERSION = 1.0;
				PRODUCT_BUNDLE_IDENTIFIER = cool.ldd.wordcard;
				PRODUCT_NAME = "$(TARGET_NAME)";
				SWIFT_EMIT_LOC_STRINGS = YES;
				SWIFT_VERSION = 5.0;
				TARGETED_DEVICE_FAMILY = "1,2";
			};
			name = Debug;
		};
		67B2D96428C9C2210025A83F /* Release */ = {
			isa = XCBuildConfiguration;
			buildSettings = {
				ASSETCATALOG_COMPILER_APPICON_NAME = AppIcon;
				ASSETCATALOG_COMPILER_GLOBAL_ACCENT_COLOR_NAME = AccentColor;
				CODE_SIGN_STYLE = Automatic;
				CURRENT_PROJECT_VERSION = 1;
				DEVELOPMENT_ASSET_PATHS = "\"wordcard/Preview Content\"";
				DEVELOPMENT_TEAM = BK3Z5KUBT7;
				ENABLE_PREVIEWS = YES;
				GENERATE_INFOPLIST_FILE = YES;
				INFOPLIST_FILE = wordcard/Info.plist;
				INFOPLIST_KEY_UIApplicationSceneManifest_Generation = YES;
				INFOPLIST_KEY_UIApplicationSupportsIndirectInputEvents = YES;
				INFOPLIST_KEY_UILaunchScreen_Generation = YES;
				INFOPLIST_KEY_UISupportedInterfaceOrientations_iPad = "UIInterfaceOrientationPortrait UIInterfaceOrientationPortraitUpsideDown UIInterfaceOrientationLandscapeLeft UIInterfaceOrientationLandscapeRight";
				INFOPLIST_KEY_UISupportedInterfaceOrientations_iPhone = "UIInterfaceOrientationPortrait UIInterfaceOrientationLandscapeLeft UIInterfaceOrientationLandscapeRight";
				LD_RUNPATH_SEARCH_PATHS = (
					"$(inherited)",
					"@executable_path/Frameworks",
				);
				MARKETING_VERSION = 1.0;
				PRODUCT_BUNDLE_IDENTIFIER = cool.ldd.wordcard;
				PRODUCT_NAME = "$(TARGET_NAME)";
				SWIFT_EMIT_LOC_STRINGS = YES;
				SWIFT_VERSION = 5.0;
				TARGETED_DEVICE_FAMILY = "1,2";
			};
			name = Release;
		};
		67B2D96628C9C2210025A83F /* Debug */ = {
			isa = XCBuildConfiguration;
			buildSettings = {
				ALWAYS_EMBED_SWIFT_STANDARD_LIBRARIES = YES;
				BUNDLE_LOADER = "$(TEST_HOST)";
				CODE_SIGN_STYLE = Automatic;
				CURRENT_PROJECT_VERSION = 1;
				DEVELOPMENT_TEAM = BK3Z5KUBT7;
				GENERATE_INFOPLIST_FILE = YES;
				IPHONEOS_DEPLOYMENT_TARGET = 15.5;
				MARKETING_VERSION = 1.0;
				PRODUCT_BUNDLE_IDENTIFIER = cool.ldd.wordcardTests;
				PRODUCT_NAME = "$(TARGET_NAME)";
				SWIFT_EMIT_LOC_STRINGS = NO;
				SWIFT_VERSION = 5.0;
				TARGETED_DEVICE_FAMILY = "1,2";
				TEST_HOST = "$(BUILT_PRODUCTS_DIR)/wordcard.app/wordcard";
			};
			name = Debug;
		};
		67B2D96728C9C2210025A83F /* Release */ = {
			isa = XCBuildConfiguration;
			buildSettings = {
				ALWAYS_EMBED_SWIFT_STANDARD_LIBRARIES = YES;
				BUNDLE_LOADER = "$(TEST_HOST)";
				CODE_SIGN_STYLE = Automatic;
				CURRENT_PROJECT_VERSION = 1;
				DEVELOPMENT_TEAM = BK3Z5KUBT7;
				GENERATE_INFOPLIST_FILE = YES;
				IPHONEOS_DEPLOYMENT_TARGET = 15.5;
				MARKETING_VERSION = 1.0;
				PRODUCT_BUNDLE_IDENTIFIER = cool.ldd.wordcardTests;
				PRODUCT_NAME = "$(TARGET_NAME)";
				SWIFT_EMIT_LOC_STRINGS = NO;
				SWIFT_VERSION = 5.0;
				TARGETED_DEVICE_FAMILY = "1,2";
				TEST_HOST = "$(BUILT_PRODUCTS_DIR)/wordcard.app/wordcard";
			};
			name = Release;
		};
		67B2D96928C9C2210025A83F /* Debug */ = {
			isa = XCBuildConfiguration;
			buildSettings = {
				ALWAYS_EMBED_SWIFT_STANDARD_LIBRARIES = YES;
				CODE_SIGN_STYLE = Automatic;
				CURRENT_PROJECT_VERSION = 1;
				DEVELOPMENT_TEAM = BK3Z5KUBT7;
				GENERATE_INFOPLIST_FILE = YES;
				MARKETING_VERSION = 1.0;
				PRODUCT_BUNDLE_IDENTIFIER = cool.ldd.wordcardUITests;
				PRODUCT_NAME = "$(TARGET_NAME)";
				SWIFT_EMIT_LOC_STRINGS = NO;
				SWIFT_VERSION = 5.0;
				TARGETED_DEVICE_FAMILY = "1,2";
				TEST_TARGET_NAME = wordcard;
			};
			name = Debug;
		};
		67B2D96A28C9C2210025A83F /* Release */ = {
			isa = XCBuildConfiguration;
			buildSettings = {
				ALWAYS_EMBED_SWIFT_STANDARD_LIBRARIES = YES;
				CODE_SIGN_STYLE = Automatic;
				CURRENT_PROJECT_VERSION = 1;
				DEVELOPMENT_TEAM = BK3Z5KUBT7;
				GENERATE_INFOPLIST_FILE = YES;
				MARKETING_VERSION = 1.0;
				PRODUCT_BUNDLE_IDENTIFIER = cool.ldd.wordcardUITests;
				PRODUCT_NAME = "$(TARGET_NAME)";
				SWIFT_EMIT_LOC_STRINGS = NO;
				SWIFT_VERSION = 5.0;
				TARGETED_DEVICE_FAMILY = "1,2";
				TEST_TARGET_NAME = wordcard;
			};
			name = Release;
		};
/* End XCBuildConfiguration section */

/* Begin XCConfigurationList section */
		67B2D93928C9C21D0025A83F /* Build configuration list for PBXProject "wordcard" */ = {
			isa = XCConfigurationList;
			buildConfigurations = (
				67B2D96028C9C2210025A83F /* Debug */,
				67B2D96128C9C2210025A83F /* Release */,
			);
			defaultConfigurationIsVisible = 0;
			defaultConfigurationName = Release;
		};
		67B2D96228C9C2210025A83F /* Build configuration list for PBXNativeTarget "wordcard" */ = {
			isa = XCConfigurationList;
			buildConfigurations = (
				67B2D96328C9C2210025A83F /* Debug */,
				67B2D96428C9C2210025A83F /* Release */,
			);
			defaultConfigurationIsVisible = 0;
			defaultConfigurationName = Release;
		};
		67B2D96528C9C2210025A83F /* Build configuration list for PBXNativeTarget "wordcardTests" */ = {
			isa = XCConfigurationList;
			buildConfigurations = (
				67B2D96628C9C2210025A83F /* Debug */,
				67B2D96728C9C2210025A83F /* Release */,
			);
			defaultConfigurationIsVisible = 0;
			defaultConfigurationName = Release;
		};
		67B2D96828C9C2210025A83F /* Build configuration list for PBXNativeTarget "wordcardUITests" */ = {
			isa = XCConfigurationList;
			buildConfigurations = (
				67B2D96928C9C2210025A83F /* Debug */,
				67B2D96A28C9C2210025A83F /* Release */,
			);
			defaultConfigurationIsVisible = 0;
			defaultConfigurationName = Release;
		};
/* End XCConfigurationList section */
	};
	rootObject = 67B2D93628C9C21D0025A83F /* Project object */;
}
